
Microsoft Visual Studio Solution File, Format Version 12.00
# Visual Studio 15
VisualStudioVersion = 15.0.28307.1259
MinimumVisualStudioVersion = 10.0.40219.1
Project("{FAE04EC0-301F-11D3-BF4B-00C04F79EFBC}") = "RentalKendaraan_022", "RentalKendaraan_022\RentalKendaraan_022.csproj", "{89D97B74-B555-47C8-A454-8FEF64E01F61}"
EndProject
Global
	GlobalSection(SolutionConfigurationPlatforms) = preSolution
		Debug|Any CPU = Debug|Any CPU
		Release|Any CPU = Release|Any CPU
	EndGlobalSection
	GlobalSection(ProjectConfigurationPlatforms) = postSolution
		{89D97B74-B555-47C8-A454-8FEF64E01F61}.Debug|Any CPU.ActiveCfg = Debug|Any CPU
		{89D97B74-B555-47C8-A454-8FEF64E01F61}.Debug|Any CPU.Build.0 = Debug|Any CPU
		{89D97B74-B555-47C8-A454-8FEF64E01F61}.Release|Any CPU.ActiveCfg = Release|Any CPU
		{89D97B74-B555-47C8-A454-8FEF64E01F61}.Release|Any CPU.Build.0 = Release|Any CPU
	EndGlobalSection
	GlobalSection(SolutionProperties) = preSolution
		HideSolutionNode = FALSE
	EndGlobalSection
	GlobalSection(ExtensibilityGlobals) = postSolution
		SolutionGuid = {E7B42CBF-D12B-495B-9933-D7953D703DA1}
	EndGlobalSection
EndGlobal
